
Microsoft Visual Studio Solution File, Format Version 12.00
# Visual Studio Version 17
VisualStudioVersion = 17.8.34330.188
MinimumVisualStudioVersion = 10.0.40219.1
Project("{9A19103F-16F7-4668-BE54-9A1E7A4F7556}") = "28WattApp", "28WattApp\28WattApp.csproj", "{1CC5A439-A369-41C0-9BC3-DA590E3D58AB}"
EndProject
Global
	GlobalSection(SolutionConfigurationPlatforms) = preSolution
		Debug|Any CPU = Debug|Any CPU
		Release|Any CPU = Release|Any CPU
	EndGlobalSection
	GlobalSection(ProjectConfigurationPlatforms) = postSolution
		{1CC5A439-A369-41C0-9BC3-DA590E3D58AB}.Debug|Any CPU.ActiveCfg = Debug|Any CPU
		{1CC5A439-A369-41C0-9BC3-DA590E3D58AB}.Debug|Any CPU.Build.0 = Debug|Any CPU
		{1CC5A439-A369-41C0-9BC3-DA590E3D58AB}.Release|Any CPU.ActiveCfg = Release|Any CPU
		{1CC5A439-A369-41C0-9BC3-DA590E3D58AB}.Release|Any CPU.Build.0 = Release|Any CPU
	EndGlobalSection
	GlobalSection(SolutionProperties) = preSolution
		HideSolutionNode = FALSE
	EndGlobalSection
	GlobalSection(ExtensibilityGlobals) = postSolution
		SolutionGuid = {BAF97302-02A4-44DE-BB9D-B1E11E0DF2EA}
	EndGlobalSection
EndGlobal
